
Microsoft Visual Studio Solution File, Format Version 12.00
# Visual Studio Version 16
VisualStudioVersion = 16.0.30804.86
MinimumVisualStudioVersion = 10.0.40219.1
Project("{FAE04EC0-301F-11D3-BF4B-00C04F79EFBC}") = "SumadeDosNumeros.UWP", "SumadeDosNumeros\SumadeDosNumeros.UWP\SumadeDosNumeros.UWP.csproj", "{D4EFAE02-0D5C-413C-B6C6-E12BED8A1D5D}"
EndProject
Project("{FAE04EC0-301F-11D3-BF4B-00C04F79EFBC}") = "SumadeDosNumeros.Android", "SumadeDosNumeros\SumadeDosNumeros.Android\SumadeDosNumeros.Android.csproj", "{357BA036-85D2-44ED-811E-9B1378FDCBB4}"
EndProject
Project("{FAE04EC0-301F-11D3-BF4B-00C04F79EFBC}") = "SumadeDosNumeros.iOS", "SumadeDosNumeros\SumadeDosNumeros.iOS\SumadeDosNumeros.iOS.csproj", "{F02549CC-69D4-46AE-879D-3DE477B84A39}"
EndProject
Project("{FAE04EC0-301F-11D3-BF4B-00C04F79EFBC}") = "SumadeDosNumeros", "SumadeDosNumeros\SumadeDosNumeros\SumadeDosNumeros.csproj", "{0B3B2DB8-F7B1-4C99-A3E9-F0BFB55504C1}"
EndProject
Global
	GlobalSection(SolutionConfigurationPlatforms) = preSolution
		Debug|Any CPU = Debug|Any CPU
		Debug|ARM = Debug|ARM
		Debug|iPhone = Debug|iPhone
		Debug|iPhoneSimulator = Debug|iPhoneSimulator
		Debug|x64 = Debug|x64
		Debug|x86 = Debug|x86
		Release|Any CPU = Release|Any CPU
		Release|ARM = Release|ARM
		Release|iPhone = Release|iPhone
		Release|iPhoneSimulator = Release|iPhoneSimulator
		Release|x64 = Release|x64
		Release|x86 = Release|x86
	EndGlobalSection
	GlobalSection(ProjectConfigurationPlatforms) = postSolution
		{D4EFAE02-0D5C-413C-B6C6-E12BED8A1D5D}.Debug|Any CPU.ActiveCfg = Debug|x86
		{D4EFAE02-0D5C-413C-B6C6-E12BED8A1D5D}.Debug|Any CPU.Build.0 = Debug|x86
		{D4EFAE02-0D5C-413C-B6C6-E12BED8A1D5D}.Debug|Any CPU.Deploy.0 = Debug|x86
		{D4EFAE02-0D5C-413C-B6C6-E12BED8A1D5D}.Debug|ARM.ActiveCfg = Debug|ARM
		{D4EFAE02-0D5C-413C-B6C6-E12BED8A1D5D}.Debug|ARM.Build.0 = Debug|ARM
		{D4EFAE02-0D5C-413C-B6C6-E12BED8A1D5D}.Debug|ARM.Deploy.0 = Debug|ARM
		{D4EFAE02-0D5C-413C-B6C6-E12BED8A1D5D}.Debug|iPhone.ActiveCfg = Debug|x86
		{D4EFAE02-0D5C-413C-B6C6-E12BED8A1D5D}.Debug|iPhone.Build.0 = Debug|x86
		{D4EFAE02-0D5C-413C-B6C6-E12BED8A1D5D}.Debug|iPhone.Deploy.0 = Debug|x86
		{D4EFAE02-0D5C-413C-B6C6-E12BED8A1D5D}.Debug|iPhoneSimulator.ActiveCfg = Debug|x86
		{D4EFAE02-0D5C-413C-B6C6-E12BED8A1D5D}.Debug|iPhoneSimulator.Build.0 = Debug|x86
		{D4EFAE02-0D5C-413C-B6C6-E12BED8A1D5D}.Debug|iPhoneSimulator.Deploy.0 = Debug|x86
		{D4EFAE02-0D5C-413C-B6C6-E12BED8A1D5D}.Debug|x64.ActiveCfg = Debug|x64
		{D4EFAE02-0D5C-413C-B6C6-E12BED8A1D5D}.Debug|x64.Build.0 = Debug|x64
		{D4EFAE02-0D5C-413C-B6C6-E12BED8A1D5D}.Debug|x64.Deploy.0 = Debug|x64
		{D4EFAE02-0D5C-413C-B6C6-E12BED8A1D5D}.Debug|x86.ActiveCfg = Debug|x86
		{D4EFAE02-0D5C-413C-B6C6-E12BED8A1D5D}.Debug|x86.Build.0 = Debug|x86
		{D4EFAE02-0D5C-413C-B6C6-E12BED8A1D5D}.Debug|x86.Deploy.0 = Debug|x86
		{D4EFAE02-0D5C-413C-B6C6-E12BED8A1D5D}.Release|Any CPU.ActiveCfg = Release|x86
		{D4EFAE02-0D5C-413C-B6C6-E12BED8A1D5D}.Release|Any CPU.Build.0 = Release|x86
		{D4EFAE02-0D5C-413C-B6C6-E12BED8A1D5D}.Release|Any CPU.Deploy.0 = Release|x86
		{D4EFAE02-0D5C-413C-B6C6-E12BED8A1D5D}.Release|ARM.ActiveCfg = Release|ARM
		{D4EFAE02-0D5C-413C-B6C6-E12BED8A1D5D}.Release|ARM.Build.0 = Release|ARM
		{D4EFAE02-0D5C-413C-B6C6-E12BED8A1D5D}.Release|ARM.Deploy.0 = Release|ARM
		{D4EFAE02-0D5C-413C-B6C6-E12BED8A1D5D}.Release|iPhone.ActiveCfg = Release|x86
		{D4EFAE02-0D5C-413C-B6C6-E12BED8A1D5D}.Release|iPhone.Build.0 = Release|x86
		{D4EFAE02-0D5C-413C-B6C6-E12BED8A1D5D}.Release|iPhone.Deploy.0 = Release|x86
		{D4EFAE02-0D5C-413C-B6C6-E12BED8A1D5D}.Release|iPhoneSimulator.ActiveCfg = Release|x86
		{D4EFAE02-0D5C-413C-B6C6-E12BED8A1D5D}.Release|iPhoneSimulator.Build.0 = Release|x86
		{D4EFAE02-0D5C-413C-B6C6-E12BED8A1D5D}.Release|iPhoneSimulator.Deploy.0 = Release|x86
		{D4EFAE02-0D5C-413C-B6C6-E12BED8A1D5D}.Release|x64.ActiveCfg = Release|x64
		{D4EFAE02-0D5C-413C-B6C6-E12BED8A1D5D}.Release|x64.Build.0 = Release|x64
		{D4EFAE02-0D5C-413C-B6C6-E12BED8A1D5D}.Release|x64.Deploy.0 = Release|x64
		{D4EFAE02-0D5C-413C-B6C6-E12BED8A1D5D}.Release|x86.ActiveCfg = Release|x86
		{D4EFAE02-0D5C-413C-B6C6-E12BED8A1D5D}.Release|x86.Build.0 = Release|x86
		{D4EFAE02-0D5C-413C-B6C6-E12BED8A1D5D}.Release|x86.Deploy.0 = Release|x86
		{357BA036-85D2-44ED-811E-9B1378FDCBB4}.Debug|Any CPU.ActiveCfg = Debug|Any CPU
		{357BA036-85D2-44ED-811E-9B1378FDCBB4}.Debug|Any CPU.Build.0 = Debug|Any CPU
		{357BA036-85D2-44ED-811E-9B1378FDCBB4}.Debug|Any CPU.Deploy.0 = Debug|Any CPU
		{357BA036-85D2-44ED-811E-9B1378FDCBB4}.Debug|ARM.ActiveCfg = Debug|Any CPU
		{357BA036-85D2-44ED-811E-9B1378FDCBB4}.Debug|ARM.Build.0 = Debug|Any CPU
		{357BA036-85D2-44ED-811E-9B1378FDCBB4}.Debug|ARM.Deploy.0 = Debug|Any CPU
		{357BA036-85D2-44ED-811E-9B1378FDCBB4}.Debug|iPhone.ActiveCfg = Debug|Any CPU
		{357BA036-85D2-44ED-811E-9B1378FDCBB4}.Debug|iPhone.Build.0 = Debug|Any CPU
		{357BA036-85D2-44ED-811E-9B1378FDCBB4}.Debug|iPhone.Deploy.0 = Debug|Any CPU
		{357BA036-85D2-44ED-811E-9B1378FDCBB4}.Debug|iPhoneSimulator.ActiveCfg = Debug|Any CPU
		{357BA036-85D2-44ED-811E-9B1378FDCBB4}.Debug|iPhoneSimulator.Build.0 = Debug|Any CPU
		{357BA036-85D2-44ED-811E-9B1378FDCBB4}.Debug|iPhoneSimulator.Deploy.0 = Debug|Any CPU
		{357BA036-85D2-44ED-811E-9B1378FDCBB4}.Debug|x64.ActiveCfg = Debug|Any CPU
		{357BA036-85D2-44ED-811E-9B1378FDCBB4}.Debug|x64.Build.0 = Debug|Any CPU
		{357BA036-85D2-44ED-811E-9B1378FDCBB4}.Debug|x64.Deploy.0 = Debug|Any CPU
		{357BA036-85D2-44ED-811E-9B1378FDCBB4}.Debug|x86.ActiveCfg = Debug|Any CPU
		{357BA036-85D2-44ED-811E-9B1378FDCBB4}.Debug|x86.Build.0 = Debug|Any CPU
		{357BA036-85D2-44ED-811E-9B1378FDCBB4}.Debug|x86.Deploy.0 = Debug|Any CPU
		{357BA036-85D2-44ED-811E-9B1378FDCBB4}.Release|Any CPU.ActiveCfg = Release|Any CPU
		{357BA036-85D2-44ED-811E-9B1378FDCBB4}.Release|Any CPU.Build.0 = Release|Any CPU
		{357BA036-85D2-44ED-811E-9B1378FDCBB4}.Release|Any CPU.Deploy.0 = Release|Any CPU
		{357BA036-85D2-44ED-811E-9B1378FDCBB4}.Release|ARM.ActiveCfg = Release|Any CPU
		{357BA036-85D2-44ED-811E-9B1378FDCBB4}.Release|ARM.Build.0 = Release|Any CPU
		{357BA036-85D2-44ED-811E-9B1378FDCBB4}.Release|ARM.Deploy.0 = Release|Any CPU
		{357BA036-85D2-44ED-811E-9B1378FDCBB4}.Release|iPhone.ActiveCfg = Release|Any CPU
		{357BA036-85D2-44ED-811E-9B1378FDCBB4}.Release|iPhone.Build.0 = Release|Any CPU
		{357BA036-85D2-44ED-811E-9B1378FDCBB4}.Release|iPhone.Deploy.0 = Release|Any CPU
		{357BA036-85D2-44ED-811E-9B1378FDCBB4}.Release|iPhoneSimulator.ActiveCfg = Release|Any CPU
		{357BA036-85D2-44ED-811E-9B1378FDCBB4}.Release|iPhoneSimulator.Build.0 = Release|Any CPU
		{357BA036-85D2-44ED-811E-9B1378FDCBB4}.Release|iPhoneSimulator.Deploy.0 = Release|Any CPU
		{357BA036-85D2-44ED-811E-9B1378FDCBB4}.Release|x64.ActiveCfg = Release|Any CPU
		{357BA036-85D2-44ED-811E-9B1378FDCBB4}.Release|x64.Build.0 = Release|Any CPU
		{357BA036-85D2-44ED-811E-9B1378FDCBB4}.Release|x64.Deploy.0 = Release|Any CPU
		{357BA036-85D2-44ED-811E-9B1378FDCBB4}.Release|x86.ActiveCfg = Release|Any CPU
		{357BA036-85D2-44ED-811E-9B1378FDCBB4}.Release|x86.Build.0 = Release|Any CPU
		{357BA036-85D2-44ED-811E-9B1378FDCBB4}.Release|x86.Deploy.0 = Release|Any CPU
		{F02549CC-69D4-46AE-879D-3DE477B84A39}.Debug|Any CPU.ActiveCfg = Debug|iPhoneSimulator
		{F02549CC-69D4-46AE-879D-3DE477B84A39}.Debug|Any CPU.Build.0 = Debug|iPhoneSimulator
		{F02549CC-69D4-46AE-879D-3DE477B84A39}.Debug|Any CPU.Deploy.0 = Debug|iPhoneSimulator
		{F02549CC-69D4-46AE-879D-3DE477B84A39}.Debug|ARM.ActiveCfg = Debug|iPhone
		{F02549CC-69D4-46AE-879D-3DE477B84A39}.Debug|ARM.Build.0 = Debug|iPhone
		{F02549CC-69D4-46AE-879D-3DE477B84A39}.Debug|ARM.Deploy.0 = Debug|iPhone
		{F02549CC-69D4-46AE-879D-3DE477B84A39}.Debug|iPhone.ActiveCfg = Debug|iPhone
		{F02549CC-69D4-46AE-879D-3DE477B84A39}.Debug|iPhone.Build.0 = Debug|iPhone
		{F02549CC-69D4-46AE-879D-3DE477B84A39}.Debug|iPhone.Deploy.0 = Debug|iPhone
		{F02549CC-69D4-46AE-879D-3DE477B84A39}.Debug|iPhoneSimulator.ActiveCfg = Debug|iPhoneSimulator
		{F02549CC-69D4-46AE-879D-3DE477B84A39}.Debug|iPhoneSimulator.Build.0 = Debug|iPhoneSimulator
		{F02549CC-69D4-46AE-879D-3DE477B84A39}.Debug|iPhoneSimulator.Deploy.0 = Debug|iPhoneSimulator
		{F02549CC-69D4-46AE-879D-3DE477B84A39}.Debug|x64.ActiveCfg = Debug|iPhoneSimulator
		{F02549CC-69D4-46AE-879D-3DE477B84A39}.Debug|x64.Build.0 = Debug|iPhoneSimulator
		{F02549CC-69D4-46AE-879D-3DE477B84A39}.Debug|x64.Deploy.0 = Debug|iPhoneSimulator
		{F02549CC-69D4-46AE-879D-3DE477B84A39}.Debug|x86.ActiveCfg = Debug|iPhoneSimulator
		{F02549CC-69D4-46AE-879D-3DE477B84A39}.Debug|x86.Build.0 = Debug|iPhoneSimulator
		{F02549CC-69D4-46AE-879D-3DE477B84A39}.Debug|x86.Deploy.0 = Debug|iPhoneSimulator
		{F02549CC-69D4-46AE-879D-3DE477B84A39}.Release|Any CPU.ActiveCfg = Release|iPhoneSimulator
		{F02549CC-69D4-46AE-879D-3DE477B84A39}.Release|Any CPU.Build.0 = Release|iPhoneSimulator
		{F02549CC-69D4-46AE-879D-3DE477B84A39}.Release|Any CPU.Deploy.0 = Release|iPhoneSimulator
		{F02549CC-69D4-46AE-879D-3DE477B84A39}.Release|ARM.ActiveCfg = Release|iPhoneSimulator
		{F02549CC-69D4-46AE-879D-3DE477B84A39}.Release|ARM.Build.0 = Release|iPhoneSimulator
		{F02549CC-69D4-46AE-879D-3DE477B84A39}.Release|ARM.Deploy.0 = Release|iPhoneSimulator
		{F02549CC-69D4-46AE-879D-3DE477B84A39}.Release|iPhone.ActiveCfg = Release|iPhone
		{F02549CC-69D4-46AE-879D-3DE477B84A39}.Release|iPhone.Build.0 = Release|iPhone
		{F02549CC-69D4-46AE-879D-3DE477B84A39}.Release|iPhone.Deploy.0 = Release|iPhone
		{F02549CC-69D4-46AE-879D-3DE477B84A39}.Release|iPhoneSimulator.ActiveCfg = Release|iPhoneSimulator
		{F02549CC-69D4-46AE-879D-3DE477B84A39}.Release|iPhoneSimulator.Build.0 = Release|iPhoneSimulator
		{F02549CC-69D4-46AE-879D-3DE477B84A39}.Release|iPhoneSimulator.Deploy.0 = Release|iPhoneSimulator
		{F02549CC-69D4-46AE-879D-3DE477B84A39}.Release|x64.ActiveCfg = Release|iPhoneSimulator
		{F02549CC-69D4-46AE-879D-3DE477B84A39}.Release|x64.Build.0 = Release|iPhoneSimulator
		{F02549CC-69D4-46AE-879D-3DE477B84A39}.Release|x64.Deploy.0 = Release|iPhoneSimulator
		{F02549CC-69D4-46AE-879D-3DE477B84A39}.Release|x86.ActiveCfg = Release|iPhoneSimulator
		{F02549CC-69D4-46AE-879D-3DE477B84A39}.Release|x86.Build.0 = Release|iPhoneSimulator
		{F02549CC-69D4-46AE-879D-3DE477B84A39}.Release|x86.Deploy.0 = Release|iPhoneSimulator
		{0B3B2DB8-F7B1-4C99-A3E9-F0BFB55504C1}.Debug|Any CPU.ActiveCfg = Debug|Any CPU
		{0B3B2DB8-F7B1-4C99-A3E9-F0BFB55504C1}.Debug|Any CPU.Build.0 = Debug|Any CPU
		{0B3B2DB8-F7B1-4C99-A3E9-F0BFB55504C1}.Debug|Any CPU.Deploy.0 = Debug|Any CPU
		{0B3B2DB8-F7B1-4C99-A3E9-F0BFB55504C1}.Debug|ARM.ActiveCfg = Debug|Any CPU
		{0B3B2DB8-F7B1-4C99-A3E9-F0BFB55504C1}.Debug|ARM.Build.0 = Debug|Any CPU
		{0B3B2DB8-F7B1-4C99-A3E9-F0BFB55504C1}.Debug|ARM.Deploy.0 = Debug|Any CPU
		{0B3B2DB8-F7B1-4C99-A3E9-F0BFB55504C1}.Debug|iPhone.ActiveCfg = Debug|Any CPU
		{0B3B2DB8-F7B1-4C99-A3E9-F0BFB55504C1}.Debug|iPhone.Build.0 = Debug|Any CPU
		{0B3B2DB8-F7B1-4C99-A3E9-F0BFB55504C1}.Debug|iPhone.Deploy.0 = Debug|Any CPU
		{0B3B2DB8-F7B1-4C99-A3E9-F0BFB55504C1}.Debug|iPhoneSimulator.ActiveCfg = Debug|Any CPU
		{0B3B2DB8-F7B1-4C99-A3E9-F0BFB55504C1}.Debug|iPhoneSimulator.Build.0 = Debug|Any CPU
		{0B3B2DB8-F7B1-4C99-A3E9-F0BFB55504C1}.Debug|iPhoneSimulator.Deploy.0 = Debug|Any CPU
		{0B3B2DB8-F7B1-4C99-A3E9-F0BFB55504C1}.Debug|x64.ActiveCfg = Debug|Any CPU
		{0B3B2DB8-F7B1-4C99-A3E9-F0BFB55504C1}.Debug|x64.Build.0 = Debug|Any CPU
		{0B3B2DB8-F7B1-4C99-A3E9-F0BFB55504C1}.Debug|x64.Deploy.0 = Debug|Any CPU
		{0B3B2DB8-F7B1-4C99-A3E9-F0BFB55504C1}.Debug|x86.ActiveCfg = Debug|Any CPU
		{0B3B2DB8-F7B1-4C99-A3E9-F0BFB55504C1}.Debug|x86.Build.0 = Debug|Any CPU
		{0B3B2DB8-F7B1-4C99-A3E9-F0BFB55504C1}.Debug|x86.Deploy.0 = Debug|Any CPU
		{0B3B2DB8-F7B1-4C99-A3E9-F0BFB55504C1}.Release|Any CPU.ActiveCfg = Release|Any CPU
		{0B3B2DB8-F7B1-4C99-A3E9-F0BFB55504C1}.Release|Any CPU.Build.0 = Release|Any CPU
		{0B3B2DB8-F7B1-4C99-A3E9-F0BFB55504C1}.Release|Any CPU.Deploy.0 = Release|Any CPU
		{0B3B2DB8-F7B1-4C99-A3E9-F0BFB55504C1}.Release|ARM.ActiveCfg = Release|Any CPU
		{0B3B2DB8-F7B1-4C99-A3E9-F0BFB55504C1}.Release|ARM.Build.0 = Release|Any CPU
		{0B3B2DB8-F7B1-4C99-A3E9-F0BFB55504C1}.Release|ARM.Deploy.0 = Release|Any CPU
		{0B3B2DB8-F7B1-4C99-A3E9-F0BFB55504C1}.Release|iPhone.ActiveCfg = Release|Any CPU
		{0B3B2DB8-F7B1-4C99-A3E9-F0BFB55504C1}.Release|iPhone.Build.0 = Release|Any CPU
		{0B3B2DB8-F7B1-4C99-A3E9-F0BFB55504C1}.Release|iPhone.Deploy.0 = Release|Any CPU
		{0B3B2DB8-F7B1-4C99-A3E9-F0BFB55504C1}.Release|iPhoneSimulator.ActiveCfg = Release|Any CPU
		{0B3B2DB8-F7B1-4C99-A3E9-F0BFB55504C1}.Release|iPhoneSimulator.Build.0 = Release|Any CPU
		{0B3B2DB8-F7B1-4C99-A3E9-F0BFB55504C1}.Release|iPhoneSimulator.Deploy.0 = Release|Any CPU
		{0B3B2DB8-F7B1-4C99-A3E9-F0BFB55504C1}.Release|x64.ActiveCfg = Release|Any CPU
		{0B3B2DB8-F7B1-4C99-A3E9-F0BFB55504C1}.Release|x64.Build.0 = Release|Any CPU
		{0B3B2DB8-F7B1-4C99-A3E9-F0BFB55504C1}.Release|x64.Deploy.0 = Release|Any CPU
		{0B3B2DB8-F7B1-4C99-A3E9-F0BFB55504C1}.Release|x86.ActiveCfg = Release|Any CPU
		{0B3B2DB8-F7B1-4C99-A3E9-F0BFB55504C1}.Release|x86.Build.0 = Release|Any CPU
		{0B3B2DB8-F7B1-4C99-A3E9-F0BFB55504C1}.Release|x86.Deploy.0 = Release|Any CPU
	EndGlobalSection
	GlobalSection(SolutionProperties) = preSolution
		HideSolutionNode = FALSE
	EndGlobalSection
	GlobalSection(ExtensibilityGlobals) = postSolution
		SolutionGuid = {4F963674-3580-40A5-843A-BFB1919AEF08}
	EndGlobalSection
EndGlobal
